
Microsoft Visual Studio Solution File, Format Version 12.00
# Visual Studio Version 17
VisualStudioVersion = 17.11.35303.130
MinimumVisualStudioVersion = 10.0.40219.1
Project("{FAE04EC0-301F-11D3-BF4B-00C04F79EFBC}") = "Keygen", "Keygen\Keygen.csproj", "{70AD233D-FD8A-4691-AB15-69B1AC9B8E05}"
EndProject
Project("{8BC9CEB8-8B4A-11D0-8D11-00A0C91BC942}") = "GetMd5", "GetMd5\GetMd5.vcxproj", "{1FA713D5-5B80-40B7-9038-5D20CE13D3D8}"
EndProject
Global
	GlobalSection(SolutionConfigurationPlatforms) = preSolution
		Debug|Any CPU = Debug|Any CPU
		Debug|x64 = Debug|x64
		Debug|x86 = Debug|x86
		Release|Any CPU = Release|Any CPU
		Release|x64 = Release|x64
		Release|x86 = Release|x86
	EndGlobalSection
	GlobalSection(ProjectConfigurationPlatforms) = postSolution
		{70AD233D-FD8A-4691-AB15-69B1AC9B8E05}.Debug|Any CPU.ActiveCfg = Debug|Any CPU
		{70AD233D-FD8A-4691-AB15-69B1AC9B8E05}.Debug|Any CPU.Build.0 = Debug|Any CPU
		{70AD233D-FD8A-4691-AB15-69B1AC9B8E05}.Debug|x64.ActiveCfg = Debug|Any CPU
		{70AD233D-FD8A-4691-AB15-69B1AC9B8E05}.Debug|x64.Build.0 = Debug|Any CPU
		{70AD233D-FD8A-4691-AB15-69B1AC9B8E05}.Debug|x86.ActiveCfg = Debug|Any CPU
		{70AD233D-FD8A-4691-AB15-69B1AC9B8E05}.Debug|x86.Build.0 = Debug|Any CPU
		{70AD233D-FD8A-4691-AB15-69B1AC9B8E05}.Release|Any CPU.ActiveCfg = Release|Any CPU
		{70AD233D-FD8A-4691-AB15-69B1AC9B8E05}.Release|Any CPU.Build.0 = Release|Any CPU
		{70AD233D-FD8A-4691-AB15-69B1AC9B8E05}.Release|x64.ActiveCfg = Release|Any CPU
		{70AD233D-FD8A-4691-AB15-69B1AC9B8E05}.Release|x64.Build.0 = Release|Any CPU
		{70AD233D-FD8A-4691-AB15-69B1AC9B8E05}.Release|x86.ActiveCfg = Release|Any CPU
		{70AD233D-FD8A-4691-AB15-69B1AC9B8E05}.Release|x86.Build.0 = Release|Any CPU
		{1FA713D5-5B80-40B7-9038-5D20CE13D3D8}.Debug|Any CPU.ActiveCfg = Debug|x64
		{1FA713D5-5B80-40B7-9038-5D20CE13D3D8}.Debug|Any CPU.Build.0 = Debug|x64
		{1FA713D5-5B80-40B7-9038-5D20CE13D3D8}.Debug|x64.ActiveCfg = Debug|x64
		{1FA713D5-5B80-40B7-9038-5D20CE13D3D8}.Debug|x64.Build.0 = Debug|x64
		{1FA713D5-5B80-40B7-9038-5D20CE13D3D8}.Debug|x86.ActiveCfg = Debug|Win32
		{1FA713D5-5B80-40B7-9038-5D20CE13D3D8}.Debug|x86.Build.0 = Debug|Win32
		{1FA713D5-5B80-40B7-9038-5D20CE13D3D8}.Release|Any CPU.ActiveCfg = Release|x64
		{1FA713D5-5B80-40B7-9038-5D20CE13D3D8}.Release|Any CPU.Build.0 = Release|x64
		{1FA713D5-5B80-40B7-9038-5D20CE13D3D8}.Release|x64.ActiveCfg = Release|x64
		{1FA713D5-5B80-40B7-9038-5D20CE13D3D8}.Release|x64.Build.0 = Release|x64
		{1FA713D5-5B80-40B7-9038-5D20CE13D3D8}.Release|x86.ActiveCfg = Release|Win32
		{1FA713D5-5B80-40B7-9038-5D20CE13D3D8}.Release|x86.Build.0 = Release|Win32
	EndGlobalSection
	GlobalSection(SolutionProperties) = preSolution
		HideSolutionNode = FALSE
	EndGlobalSection
	GlobalSection(ExtensibilityGlobals) = postSolution
		SolutionGuid = {3F27F749-78D5-43A2-9B96-EEFAB5053BF9}
	EndGlobalSection
EndGlobal
